
Microsoft Visual Studio Solution File, Format Version 12.00
# Visual Studio Version 16
VisualStudioVersion = 16.0.30523.141
MinimumVisualStudioVersion = 10.0.40219.1
Project("{FAE04EC0-301F-11D3-BF4B-00C04F79EFBC}") = "VibrantVoluntaire2", "VibrantVoluntaire2.csproj", "{C81C37D5-40F8-44A6-AAA5-585A18131E9C}"
EndProject
Global
	GlobalSection(SolutionConfigurationPlatforms) = preSolution
		Debug|Any CPU = Debug|Any CPU
		Release|Any CPU = Release|Any CPU
	EndGlobalSection
	GlobalSection(ProjectConfigurationPlatforms) = postSolution
		{C81C37D5-40F8-44A6-AAA5-585A18131E9C}.Debug|Any CPU.ActiveCfg = Debug|Any CPU
		{C81C37D5-40F8-44A6-AAA5-585A18131E9C}.Debug|Any CPU.Build.0 = Debug|Any CPU
		{C81C37D5-40F8-44A6-AAA5-585A18131E9C}.Release|Any CPU.ActiveCfg = Release|Any CPU
		{C81C37D5-40F8-44A6-AAA5-585A18131E9C}.Release|Any CPU.Build.0 = Release|Any CPU
	EndGlobalSection
	GlobalSection(SolutionProperties) = preSolution
		HideSolutionNode = FALSE
	EndGlobalSection
	GlobalSection(ExtensibilityGlobals) = postSolution
		SolutionGuid = {0F7560EB-B3AC-4328-BE46-E45D87C37225}
	EndGlobalSection
EndGlobal
